
Microsoft Visual Studio Solution File, Format Version 12.00
# Visual Studio Version 16
VisualStudioVersion = 16.0.31025.194
MinimumVisualStudioVersion = 10.0.40219.1
Project("{8BC9CEB8-8B4A-11D0-8D11-00A0C91BC942}") = "Encrypt", "Encrypt.vcxproj", "{86875795-45FC-45D3-8029-F30597CA2973}"
EndProject
Global
	GlobalSection(SolutionConfigurationPlatforms) = preSolution
		Debug|ARM = Debug|ARM
		Debug|ARM64 = Debug|ARM64
		Debug|x64 = Debug|x64
		Debug|x86 = Debug|x86
		Release|ARM = Release|ARM
		Release|ARM64 = Release|ARM64
		Release|x64 = Release|x64
		Release|x86 = Release|x86
	EndGlobalSection
	GlobalSection(ProjectConfigurationPlatforms) = postSolution
		{86875795-45FC-45D3-8029-F30597CA2973}.Debug|ARM.ActiveCfg = Debug|ARM
		{86875795-45FC-45D3-8029-F30597CA2973}.Debug|ARM.Build.0 = Debug|ARM
		{86875795-45FC-45D3-8029-F30597CA2973}.Debug|ARM.Deploy.0 = Debug|ARM
		{86875795-45FC-45D3-8029-F30597CA2973}.Debug|ARM64.ActiveCfg = Debug|ARM64
		{86875795-45FC-45D3-8029-F30597CA2973}.Debug|ARM64.Build.0 = Debug|ARM64
		{86875795-45FC-45D3-8029-F30597CA2973}.Debug|ARM64.Deploy.0 = Debug|ARM64
		{86875795-45FC-45D3-8029-F30597CA2973}.Debug|x64.ActiveCfg = Debug|x64
		{86875795-45FC-45D3-8029-F30597CA2973}.Debug|x64.Build.0 = Debug|x64
		{86875795-45FC-45D3-8029-F30597CA2973}.Debug|x64.Deploy.0 = Debug|x64
		{86875795-45FC-45D3-8029-F30597CA2973}.Debug|x86.ActiveCfg = Debug|Win32
		{86875795-45FC-45D3-8029-F30597CA2973}.Debug|x86.Build.0 = Debug|Win32
		{86875795-45FC-45D3-8029-F30597CA2973}.Debug|x86.Deploy.0 = Debug|Win32
		{86875795-45FC-45D3-8029-F30597CA2973}.Release|ARM.ActiveCfg = Release|ARM
		{86875795-45FC-45D3-8029-F30597CA2973}.Release|ARM.Build.0 = Release|ARM
		{86875795-45FC-45D3-8029-F30597CA2973}.Release|ARM.Deploy.0 = Release|ARM
		{86875795-45FC-45D3-8029-F30597CA2973}.Release|ARM64.ActiveCfg = Release|ARM64
		{86875795-45FC-45D3-8029-F30597CA2973}.Release|ARM64.Build.0 = Release|ARM64
		{86875795-45FC-45D3-8029-F30597CA2973}.Release|ARM64.Deploy.0 = Release|ARM64
		{86875795-45FC-45D3-8029-F30597CA2973}.Release|x64.ActiveCfg = Release|x64
		{86875795-45FC-45D3-8029-F30597CA2973}.Release|x64.Build.0 = Release|x64
		{86875795-45FC-45D3-8029-F30597CA2973}.Release|x64.Deploy.0 = Release|x64
		{86875795-45FC-45D3-8029-F30597CA2973}.Release|x86.ActiveCfg = Release|Win32
		{86875795-45FC-45D3-8029-F30597CA2973}.Release|x86.Build.0 = Release|Win32
		{86875795-45FC-45D3-8029-F30597CA2973}.Release|x86.Deploy.0 = Release|Win32
	EndGlobalSection
	GlobalSection(SolutionProperties) = preSolution
		HideSolutionNode = FALSE
	EndGlobalSection
	GlobalSection(ExtensibilityGlobals) = postSolution
		SolutionGuid = {F5E4505A-08EA-4234-A80F-37D50B8C37C6}
	EndGlobalSection
EndGlobal
